{
    "_readme": [
        "This file locks the dependencies of your project to a known state",
        "Read more about it at https://getcomposer.org/doc/01-basic-usage.md#installing-dependencies",
        "This file is @generated automatically"
    ],
    "content-hash": "b6ad6b89da10e2c5cbec7cd0b1fd2341",
    "packages": [
        {
            "name": "10up/distributor",
            "version": "1.9.0",
            "source": {
                "type": "git",
                "url": "https://github.com/10up/distributor",
                "reference": "c6ab9f9ff1d93e2a632cc8a61c7b25cd6b0b8c6c"
            },
            "require": {
                "ext-json": "*",
                "georgestephanis/application-passwords": "0.1.3",
                "php": ">=5.6",
                "yahnis-elsts/plugin-update-checker": "4.13"
            },
            "require-dev": {
                "10up/phpcs-composer": "dev-master",
                "10up/wp_mock": "~0.4",
                "automattic/vipwpcs": "^2.3",
                "phpunit/phpunit": ">=7.0 <9.0",
                "yoast/phpunit-polyfills": "^1.0"
            },
            "type": "wordpress-plugin",
            "autoload": {
                "psr-4": {
                    "Distributor\\": "includes/classes/"
                }
            },
            "scripts": {
                "lint": [
                    "phpcs . --runtime-set testVersion 5.6-"
                ],
                "lint-fix": [
                    "phpcbf ."
                ],
                "test": [
                    "@php phpunit"
                ]
            },
            "license": [
                "GPL-2.0-or-later"
            ],
            "authors": [
                {
                    "name": "10up",
                    "email": "opensource@10up.com"
                }
            ],
            "description": "Distributor is a WordPress plugin that makes it easy to distribute and reuse content across your websites — whether in a single multisite or across the web.",
            "homepage": "https://distributorplugin.com/",
            "time": "2022-12-15T23:26:53+00:00"
        },
        {
            "name": "composer/installers",
            "version": "v1.12.0",
            "source": {
                "type": "git",
                "url": "https://github.com/composer/installers.git",
                "reference": "d20a64ed3c94748397ff5973488761b22f6d3f19"
            },
            "dist": {
                "type": "zip",
                "url": "https://api.github.com/repos/composer/installers/zipball/d20a64ed3c94748397ff5973488761b22f6d3f19",
                "reference": "d20a64ed3c94748397ff5973488761b22f6d3f19",
                "shasum": ""
            },
            "require": {
                "composer-plugin-api": "^1.0 || ^2.0"
            },
            "replace": {
                "roundcube/plugin-installer": "*",
                "shama/baton": "*"
            },
            "require-dev": {
                "composer/composer": "1.6.* || ^2.0",
                "composer/semver": "^1 || ^3",
                "phpstan/phpstan": "^0.12.55",
                "phpstan/phpstan-phpunit": "^0.12.16",
                "symfony/phpunit-bridge": "^4.2 || ^5",
                "symfony/process": "^2.3"
            },
            "type": "composer-plugin",
            "extra": {
                "class": "Composer\\Installers\\Plugin",
                "branch-alias": {
                    "dev-main": "1.x-dev"
                }
            },
            "autoload": {
                "psr-4": {
                    "Composer\\Installers\\": "src/Composer/Installers"
                }
            },
            "notification-url": "https://packagist.org/downloads/",
            "license": [
                "MIT"
            ],
            "authors": [
                {
                    "name": "Kyle Robinson Young",
                    "email": "kyle@dontkry.com",
                    "homepage": "https://github.com/shama"
                }
            ],
            "description": "A multi-framework Composer library installer",
            "homepage": "https://composer.github.io/installers/",
            "keywords": [
                "Craft",
                "Dolibarr",
                "Eliasis",
                "Hurad",
                "ImageCMS",
                "Kanboard",
                "Lan Management System",
                "MODX Evo",
                "MantisBT",
                "Mautic",
                "Maya",
                "OXID",
                "Plentymarkets",
                "Porto",
                "RadPHP",
                "SMF",
                "Starbug",
                "Thelia",
                "Whmcs",
                "WolfCMS",
                "agl",
                "aimeos",
                "annotatecms",
                "attogram",
                "bitrix",
                "cakephp",
                "chef",
                "cockpit",
                "codeigniter",
                "concrete5",
                "croogo",
                "dokuwiki",
                "drupal",
                "eZ Platform",
                "elgg",
                "expressionengine",
                "fuelphp",
                "grav",
                "installer",
                "itop",
                "joomla",
                "known",
                "kohana",
                "laravel",
                "lavalite",
                "lithium",
                "magento",
                "majima",
                "mako",
                "mediawiki",
                "miaoxing",
                "modulework",
                "modx",
                "moodle",
                "osclass",
                "pantheon",
                "phpbb",
                "piwik",
                "ppi",
                "processwire",
                "puppet",
                "pxcms",
                "reindex",
                "roundcube",
                "shopware",
                "silverstripe",
                "sydes",
                "sylius",
                "symfony",
                "tastyigniter",
                "typo3",
                "wordpress",
                "yawik",
                "zend",
                "zikula"
            ],
            "support": {
                "issues": "https://github.com/composer/installers/issues",
                "source": "https://github.com/composer/installers/tree/v1.12.0"
            },
            "funding": [
                {
                    "url": "https://packagist.com",
                    "type": "custom"
                },
                {
                    "url": "https://github.com/composer",
                    "type": "github"
                },
                {
                    "url": "https://tidelift.com/funding/github/packagist/composer/composer",
                    "type": "tidelift"
                }
            ],
            "time": "2021-09-13T08:19:44+00:00"
        },
        {
            "name": "devgeniem/shadow-taxonomy",
            "version": "dev-master",
            "source": {
                "type": "git",
                "url": "https://github.com/carstingaxion/shadow-taxonomy",
                "reference": "466b806dfbd72eb6034f8707d5fe963cefc3041c"
            },
            "default-branch": true,
            "type": "package",
            "autoload": {
                "files": [
                    "shadowtax.php"
                ]
            },
            "license": [
                "GPL-2.0+"
            ],
            "authors": [
                {
                    "name": "Bobby Bryant",
                    "email": "bobby@developwithwp.com",
                    "homepage": "Bobby Bryant",
                    "role": "Developer"
                },
                {
                    "name": "Otto Rautamaa",
                    "email": "otto.rautamaa@geniem.com",
                    "homepage": "https://github.com/ironland",
                    "role": "Developer"
                }
            ],
            "description": "A library used for create relationships between CPT's",
            "homepage": "https://github.com/devgeniem/shadow-taxonomy",
            "time": "2021-03-07T23:43:02+00:00"
        },
        {
            "name": "georgestephanis/application-passwords",
            "version": "0.1.3",
            "source": {
                "type": "git",
                "url": "https://github.com/WordPress/application-passwords.git",
                "reference": "e23f69f1f4817975e0b30959ed7e7d6c0264603e"
            },
            "dist": {
                "type": "zip",
                "url": "https://api.github.com/repos/WordPress/application-passwords/zipball/e23f69f1f4817975e0b30959ed7e7d6c0264603e",
                "reference": "e23f69f1f4817975e0b30959ed7e7d6c0264603e",
                "shasum": ""
            },
            "require": {
                "composer/installers": "~1.0"
            },
            "require-dev": {
                "phpunit/phpunit": "^4.8",
                "wp-coding-standards/wpcs": "^2.1",
                "wpsh/local": "^0.2.3",
                "xwp/wp-dev-lib": "^1.2"
            },
            "type": "wordpress-plugin",
            "notification-url": "https://packagist.org/downloads/",
            "license": [
                "GPL-2.0-or-later"
            ],
            "authors": [
                {
                    "name": "George Stephanis",
                    "email": "georgestephanis@automattic.com",
                    "homepage": "https://github.com/georgestephanis"
                }
            ],
            "description": "Provide Application Passwords for WordPress core",
            "homepage": "https://github.com/WordPress/application-passwords",
            "keywords": [
                "api",
                "application Ppasswords",
                "wordpress"
            ],
            "support": {
                "issues": "https://github.com/WordPress/application-passwords/issues",
                "source": "https://github.com/WordPress/application-passwords/tree/0.1.3"
            },
            "abandoned": true,
            "time": "2021-05-07T06:56:59+00:00"
        },
        {
            "name": "humanmade/utility-taxonomy",
            "version": "v1.4.2",
            "source": {
                "type": "git",
                "url": "https://github.com/humanmade/hm-utility-taxonomy",
                "reference": "1995d293f3c732f2e05101c7c53f5f3a9e710469"
            },
            "require": {
                "composer/installers": "^1.7"
            },
            "require-dev": {
                "humanmade/coding-standards": "^1.1.2"
            },
            "type": "wordpress-plugin",
            "scripts": {
                "lint": [
                    "phpcs -p -s -v ."
                ]
            },
            "license": [
                "GPL-2.0-or-later"
            ],
            "authors": [
                {
                    "name": "Human Made",
                    "email": "hello@humanmade.com"
                }
            ],
            "description": "A hidden taxonomy, used for filtering of posts/pages etc. in a way that is more performant than using the likes of post meta.",
            "time": "2022-07-27T08:12:12+00:00"
        },
        {
            "name": "johnbillion/args",
            "version": "1.6.0",
            "source": {
                "type": "git",
                "url": "https://github.com/johnbillion/args.git",
                "reference": "0a94706015471d72d6c227ff494a002a6275b28b"
            },
            "dist": {
                "type": "zip",
                "url": "https://api.github.com/repos/johnbillion/args/zipball/0a94706015471d72d6c227ff494a002a6275b28b",
                "reference": "0a94706015471d72d6c227ff494a002a6275b28b",
                "shasum": ""
            },
            "require": {
                "php": ">=7.4"
            },
            "require-dev": {
                "ergebnis/json-printer": "^3.2",
                "ergebnis/phpstan-rules": "^1.0",
                "humanmade/coding-standards": "^1.1",
                "johnbillion/falsey-assertequals-detector": "^3",
                "phpdocumentor/reflection": "~4.0 || ~5.0",
                "phpstan/phpstan": "^1.0",
                "phpstan/phpstan-phpunit": "^1.0",
                "phpstan/phpstan-strict-rules": "^1.1",
                "phpunit/phpunit": "^9.0",
                "roots/wordpress-core-installer": "^1.0.0",
                "roots/wordpress-full": "~6.1.0"
            },
            "type": "library",
            "extra": {
                "args-shapes": [
                    "--function=\"\\get_categories()\" --param=args --file=vendor/wordpress/wordpress/wp-includes/category.php",
                    "--function=\"\\get_comments()\" --param=args --file=vendor/wordpress/wordpress/wp-includes/comment.php",
                    "--function=\"\\get_posts()\" --param=args --file=vendor/wordpress/wordpress/wp-includes/post.php",
                    "--function=\"\\get_tags()\" --param=args --file=vendor/wordpress/wordpress/wp-includes/category.php",
                    "--function=\"\\get_terms()\" --param=args --file=vendor/wordpress/wordpress/wp-includes/taxonomy.php",
                    "--function=\"\\get_users()\" --param=args --file=vendor/wordpress/wordpress/wp-includes/user.php",
                    "--function=\"\\paginate_links()\" --param=args --file=vendor/wordpress/wordpress/wp-includes/general-template.php",
                    "--function=\"\\register_block_type()\" --param=args --file=vendor/wordpress/wordpress/wp-includes/blocks.php",
                    "--function=\"\\register_meta()\" --param=args --file=vendor/wordpress/wordpress/wp-includes/meta.php",
                    "--function=\"\\register_post_meta()\" --param=args --file=vendor/wordpress/wordpress/wp-includes/post.php",
                    "--function=\"\\register_post_status()\" --param=args --file=vendor/wordpress/wordpress/wp-includes/post.php",
                    "--function=\"\\register_post_type()\" --param=args --file=vendor/wordpress/wordpress/wp-includes/post.php",
                    "--function=\"\\register_rest_field()\" --param=args --file=vendor/wordpress/wordpress/wp-includes/rest-api.php",
                    "--function=\"\\register_taxonomy()\" --param=args --file=vendor/wordpress/wordpress/wp-includes/taxonomy.php",
                    "--function=\"\\register_term_meta()\" --param=args --file=vendor/wordpress/wordpress/wp-includes/taxonomy.php",
                    "--function=\"\\wp_count_terms()\" --param=args --file=vendor/wordpress/wordpress/wp-includes/taxonomy.php",
                    "--function=\"\\wp_die()\" --param=args --file=vendor/wordpress/wordpress/wp-includes/functions.php",
                    "--function=\"\\wp_dropdown_categories()\" --param=args --file=vendor/wordpress/wordpress/wp-includes/category-template.php",
                    "--function=\"\\wp_dropdown_languages()\" --param=args --file=vendor/wordpress/wordpress/wp-includes/l10n.php",
                    "--function=\"\\wp_generate_tag_cloud()\" --param=args --file=vendor/wordpress/wordpress/wp-includes/category-template.php",
                    "--function=\"\\wp_get_nav_menus()\" --param=args --file=vendor/wordpress/wordpress/wp-includes/nav-menu.php",
                    "--function=\"\\wp_get_object_terms()\" --param=args --file=vendor/wordpress/wordpress/wp-includes/taxonomy.php",
                    "--function=\"\\wp_insert_post()\" --param=postarr --file=vendor/wordpress/wordpress/wp-includes/post.php",
                    "--function=\"\\wp_insert_term()\" --param=args --file=vendor/wordpress/wordpress/wp-includes/taxonomy.php",
                    "--function=\"\\wp_insert_user()\" --param=userdata --file=vendor/wordpress/wordpress/wp-includes/user.php",
                    "--function=\"\\wp_nav_menu()\" --param=args --file=vendor/wordpress/wordpress/wp-includes/nav-menu-template.php",
                    "--function=\"\\wp_remote_get()\" --param=args --file=vendor/wordpress/wordpress/wp-includes/http.php",
                    "--function=\"\\wp_remote_head()\" --param=args --file=vendor/wordpress/wordpress/wp-includes/http.php",
                    "--function=\"\\wp_remote_post()\" --param=args --file=vendor/wordpress/wordpress/wp-includes/http.php",
                    "--function=\"\\wp_remote_request()\" --param=args --file=vendor/wordpress/wordpress/wp-includes/http.php",
                    "--function=\"\\wp_safe_remote_get()\" --param=args --file=vendor/wordpress/wordpress/wp-includes/http.php",
                    "--function=\"\\wp_safe_remote_head()\" --param=args --file=vendor/wordpress/wordpress/wp-includes/http.php",
                    "--function=\"\\wp_safe_remote_post()\" --param=args --file=vendor/wordpress/wordpress/wp-includes/http.php",
                    "--function=\"\\wp_safe_remote_request()\" --param=args --file=vendor/wordpress/wordpress/wp-includes/http.php",
                    "--function=\"\\wp_update_post()\" --param=postarr --file=vendor/wordpress/wordpress/wp-includes/post.php",
                    "--function=\"\\wp_update_term()\" --param=args --file=vendor/wordpress/wordpress/wp-includes/taxonomy.php",
                    "--function=\"\\wp_update_user()\" --param=userdata --file=vendor/wordpress/wordpress/wp-includes/user.php",
                    "--method=\"\\WP_Block_Type::__construct()\" --param=args --file=vendor/wordpress/wordpress/wp-includes/class-wp-block-type.php",
                    "--method=\"\\WP_Comment_Query::__construct()\" --param=query --file=vendor/wordpress/wordpress/wp-includes/class-wp-comment-query.php",
                    "--method=\"\\WP_Customize_Control::__construct()\" --param=args --file=vendor/wordpress/wordpress/wp-includes/class-wp-customize-control.php",
                    "--method=\"\\WP_Customize_Manager::__construct()\" --param=args --file=vendor/wordpress/wordpress/wp-includes/class-wp-customize-manager.php",
                    "--method=\"\\WP_Customize_Panel::__construct()\" --param=args --file=vendor/wordpress/wordpress/wp-includes/class-wp-customize-panel.php",
                    "--method=\"\\WP_Customize_Section::__construct()\" --param=args --file=vendor/wordpress/wordpress/wp-includes/class-wp-customize-section.php",
                    "--method=\"\\WP_Customize_Setting::__construct()\" --param=args --file=vendor/wordpress/wordpress/wp-includes/class-wp-customize-setting.php",
                    "--method=\"\\WP_Http::request()\" --param=args --file=vendor/wordpress/wordpress/wp-includes/class-wp-http.php",
                    "--method=\"\\WP_Query::parse_query()\" --param=query --file=vendor/wordpress/wordpress/wp-includes/class-wp-query.php",
                    "--method=\"\\WP_Term_Query::__construct()\" --param=query --file=vendor/wordpress/wordpress/wp-includes/class-wp-term-query.php",
                    "--method=\"\\WP_User_Query::prepare_query()\" --param=query --file=vendor/wordpress/wordpress/wp-includes/class-wp-user-query.php"
                ],
                "wordpress-install-dir": "vendor/wordpress/wordpress"
            },
            "autoload": {
                "psr-4": {
                    "Args\\": "src/"
                }
            },
            "notification-url": "https://packagist.org/downloads/",
            "license": [
                "GPL-2.0+"
            ],
            "authors": [
                {
                    "name": "John Blackbourn",
                    "homepage": "https://johnblackbourn.com/"
                }
            ],
            "description": "I don't want to get into an argument about this.",
            "support": {
                "issues": "https://github.com/johnbillion/args/issues",
                "source": "https://github.com/johnbillion/args/tree/1.6.0"
            },
            "funding": [
                {
                    "url": "https://github.com/sponsors/johnbillion",
                    "type": "github"
                }
            ],
            "time": "2022-11-10T14:09:31+00:00"
        },
        {
            "name": "johnbillion/extended-cpts",
            "version": "5.0.3",
            "source": {
                "type": "git",
                "url": "https://github.com/johnbillion/extended-cpts.git",
                "reference": "4daaaef8acfff72f108e5f69c3f6cddb37b64a38"
            },
            "dist": {
                "type": "zip",
                "url": "https://api.github.com/repos/johnbillion/extended-cpts/zipball/4daaaef8acfff72f108e5f69c3f6cddb37b64a38",
                "reference": "4daaaef8acfff72f108e5f69c3f6cddb37b64a38",
                "shasum": ""
            },
            "require": {
                "johnbillion/args": "^1.4.1",
                "php": ">= 7.4.0"
            },
            "require-dev": {
                "automattic/phpcs-neutron-standard": "1.7.0",
                "dealerdirect/phpcodesniffer-composer-installer": "^0.7",
                "johnbillion/falsey-assertequals-detector": "*",
                "lucatume/wp-browser": "^3.0",
                "phpcompatibility/phpcompatibility-wp": "^2",
                "phpstan/phpstan": "^1.0",
                "phpstan/phpstan-phpunit": "^1.0",
                "phpunit/phpunit": "^9",
                "roots/wordpress-core-installer": "^1.0.0",
                "roots/wordpress-full": "~6.1.0",
                "szepeviktor/phpstan-wordpress": "1.1.6",
                "vlucas/phpdotenv": "^3",
                "wp-cli/core-command": "^2",
                "wp-cli/db-command": "^2",
                "wp-coding-standards/wpcs": "2.3.0"
            },
            "suggest": {
                "seravo/wp-custom-bulk-actions": "Custom Bulk Actions",
                "wpackagist-plugin/rewrite-testing": "Rewrite Rule Testing"
            },
            "type": "library",
            "extra": {
                "wordpress-install-dir": "tests/wordpress"
            },
            "autoload": {
                "files": [
                    "functions.php"
                ],
                "psr-4": {
                    "ExtCPTs\\": "src",
                    "ExtCPTs\\Tests\\": "tests/integration"
                }
            },
            "notification-url": "https://packagist.org/downloads/",
            "license": [
                "GPL-2.0+"
            ],
            "authors": [
                {
                    "name": "John Blackbourn",
                    "homepage": "https://johnblackbourn.com/"
                }
            ],
            "description": "A library which provides extended functionality to WordPress custom post types and taxonomies.",
            "homepage": "https://github.com/johnbillion/extended-cpts/",
            "support": {
                "issues": "https://github.com/johnbillion/extended-cpts/issues",
                "source": "https://github.com/johnbillion/extended-cpts/tree/5.0.3"
            },
            "funding": [
                {
                    "url": "https://github.com/johnbillion",
                    "type": "github"
                }
            ],
            "time": "2022-12-14T00:07:21+00:00"
        },
        {
            "name": "wpackagist-plugin/term-management-tools",
            "version": "2.0.1",
            "source": {
                "type": "svn",
                "url": "https://plugins.svn.wordpress.org/term-management-tools/",
                "reference": "tags/2.0.1"
            },
            "dist": {
                "type": "zip",
                "url": "https://downloads.wordpress.org/plugin/term-management-tools.2.0.1.zip"
            },
            "require": {
                "composer/installers": "^1.0 || ^2.0"
            },
            "type": "wordpress-plugin",
            "homepage": "https://wordpress.org/plugins/term-management-tools/"
        },
        {
            "name": "yahnis-elsts/plugin-update-checker",
            "version": "v4.13",
            "source": {
                "type": "git",
                "url": "https://github.com/YahnisElsts/plugin-update-checker.git",
                "reference": "6eb27a6911e0e0880d09e5b11f577d3f688f7da7"
            },
            "dist": {
                "type": "zip",
                "url": "https://api.github.com/repos/YahnisElsts/plugin-update-checker/zipball/6eb27a6911e0e0880d09e5b11f577d3f688f7da7",
                "reference": "6eb27a6911e0e0880d09e5b11f577d3f688f7da7",
                "shasum": ""
            },
            "require": {
                "ext-json": "*",
                "php": ">=5.2.0"
            },
            "type": "library",
            "autoload": {
                "files": [
                    "load-v4p13.php"
                ]
            },
            "notification-url": "https://packagist.org/downloads/",
            "license": [
                "MIT"
            ],
            "authors": [
                {
                    "name": "Yahnis Elsts",
                    "email": "whiteshadow@w-shadow.com",
                    "homepage": "http://w-shadow.com/",
                    "role": "Developer"
                }
            ],
            "description": "A custom update checker for WordPress plugins and themes. Useful if you can't host your plugin in the official WP repository but still want it to support automatic updates.",
            "homepage": "https://github.com/YahnisElsts/plugin-update-checker/",
            "keywords": [
                "automatic updates",
                "plugin updates",
                "theme updates",
                "wordpress"
            ],
            "support": {
                "issues": "https://github.com/YahnisElsts/plugin-update-checker/issues",
                "source": "https://github.com/YahnisElsts/plugin-update-checker/tree/v4.13"
            },
            "time": "2022-07-29T12:36:25+00:00"
        }
    ],
    "packages-dev": [],
    "aliases": [],
    "minimum-stability": "stable",
    "stability-flags": {
        "devgeniem/shadow-taxonomy": 20
    },
    "prefer-stable": false,
    "prefer-lowest": false,
    "platform": {
        "php": ">=7.1"
    },
    "platform-dev": [],
    "plugin-api-version": "2.3.0"
}
